
Microsoft Visual Studio Solution File, Format Version 12.00
# Visual Studio Version 17
VisualStudioVersion = 17.14.36518.9 d17.14
MinimumVisualStudioVersion = 10.0.40219.1
Project("{FAE04EC0-301F-11D3-BF4B-00C04F79EFBC}") = "FactoryDemo", "FactoryDemo.csproj", "{B9D5D586-6CD4-4879-8606-D8905805E729}"
EndProject
Global
	GlobalSection(SolutionConfigurationPlatforms) = preSolution
		Debug|Any CPU = Debug|Any CPU
		Release|Any CPU = Release|Any CPU
	EndGlobalSection
	GlobalSection(ProjectConfigurationPlatforms) = postSolution
		{B9D5D586-6CD4-4879-8606-D8905805E729}.Debug|Any CPU.ActiveCfg = Debug|Any CPU
		{B9D5D586-6CD4-4879-8606-D8905805E729}.Debug|Any CPU.Build.0 = Debug|Any CPU
		{B9D5D586-6CD4-4879-8606-D8905805E729}.Release|Any CPU.ActiveCfg = Release|Any CPU
		{B9D5D586-6CD4-4879-8606-D8905805E729}.Release|Any CPU.Build.0 = Release|Any CPU
	EndGlobalSection
	GlobalSection(SolutionProperties) = preSolution
		HideSolutionNode = FALSE
	EndGlobalSection
	GlobalSection(ExtensibilityGlobals) = postSolution
		SolutionGuid = {A7342A1E-4294-459E-921A-969C5D6DE585}
	EndGlobalSection
EndGlobal
