
Microsoft Visual Studio Solution File, Format Version 12.00
# Visual Studio Version 17
VisualStudioVersion = 17.14.36518.9 d17.14
MinimumVisualStudioVersion = 10.0.40219.1
Project("{FAE04EC0-301F-11D3-BF4B-00C04F79EFBC}") = "ConfigDemo", "ConfigDemo\ConfigDemo.csproj", "{B6FF08E6-B437-4F17-82FE-72DBB8ED3A75}"
EndProject
Global
	GlobalSection(SolutionConfigurationPlatforms) = preSolution
		Debug|Any CPU = Debug|Any CPU
		Release|Any CPU = Release|Any CPU
	EndGlobalSection
	GlobalSection(ProjectConfigurationPlatforms) = postSolution
		{B6FF08E6-B437-4F17-82FE-72DBB8ED3A75}.Debug|Any CPU.ActiveCfg = Debug|Any CPU
		{B6FF08E6-B437-4F17-82FE-72DBB8ED3A75}.Debug|Any CPU.Build.0 = Debug|Any CPU
		{B6FF08E6-B437-4F17-82FE-72DBB8ED3A75}.Release|Any CPU.ActiveCfg = Release|Any CPU
		{B6FF08E6-B437-4F17-82FE-72DBB8ED3A75}.Release|Any CPU.Build.0 = Release|Any CPU
	EndGlobalSection
	GlobalSection(SolutionProperties) = preSolution
		HideSolutionNode = FALSE
	EndGlobalSection
	GlobalSection(ExtensibilityGlobals) = postSolution
		SolutionGuid = {62B77AE5-AD41-43E1-86B6-342368ADF2FF}
	EndGlobalSection
EndGlobal
